
Microsoft Visual Studio Solution File, Format Version 12.00
# Visual Studio Version 16
VisualStudioVersion = 16.0.31129.286
MinimumVisualStudioVersion = 10.0.40219.1
Project("{FAE04EC0-301F-11D3-BF4B-00C04F79EFBC}") = "ForexApp.Android", "ForexApp\ForexApp.Android\ForexApp.Android.csproj", "{74C6827F-A918-4D6F-B693-4361953017E4}"
EndProject
Project("{9A19103F-16F7-4668-BE54-9A1E7A4F7556}") = "ForexApp", "ForexApp\ForexApp\ForexApp.csproj", "{DA29A19B-ECD7-4C0F-96BF-31BEFCBC6DBD}"
EndProject
Project("{FAE04EC0-301F-11D3-BF4B-00C04F79EFBC}") = "ForexApp.iOS", "ForexApp\ForexApp.iOS\ForexApp.iOS.csproj", "{B6E65071-C619-4943-AA73-5B25F0FACD22}"
EndProject
Project("{2150E333-8FDC-42A3-9474-1A3956D46DE8}") = "Tests", "Tests", "{04C6CC2D-1046-4826-BB3A-3351028E8DD0}"
EndProject
Global
	GlobalSection(SolutionConfigurationPlatforms) = preSolution
		Ad-Hoc|Any CPU = Ad-Hoc|Any CPU
		Ad-Hoc|ARM = Ad-Hoc|ARM
		Ad-Hoc|iPhone = Ad-Hoc|iPhone
		Ad-Hoc|iPhoneSimulator = Ad-Hoc|iPhoneSimulator
		Ad-Hoc|x64 = Ad-Hoc|x64
		Ad-Hoc|x86 = Ad-Hoc|x86
		AppStore|Any CPU = AppStore|Any CPU
		AppStore|ARM = AppStore|ARM
		AppStore|iPhone = AppStore|iPhone
		AppStore|iPhoneSimulator = AppStore|iPhoneSimulator
		AppStore|x64 = AppStore|x64
		AppStore|x86 = AppStore|x86
		Debug|Any CPU = Debug|Any CPU
		Debug|ARM = Debug|ARM
		Debug|iPhone = Debug|iPhone
		Debug|iPhoneSimulator = Debug|iPhoneSimulator
		Debug|x64 = Debug|x64
		Debug|x86 = Debug|x86
		Release|Any CPU = Release|Any CPU
		Release|ARM = Release|ARM
		Release|iPhone = Release|iPhone
		Release|iPhoneSimulator = Release|iPhoneSimulator
		Release|x64 = Release|x64
		Release|x86 = Release|x86
	EndGlobalSection
	GlobalSection(ProjectConfigurationPlatforms) = postSolution
		{74C6827F-A918-4D6F-B693-4361953017E4}.Ad-Hoc|Any CPU.ActiveCfg = Release|Any CPU
		{74C6827F-A918-4D6F-B693-4361953017E4}.Ad-Hoc|Any CPU.Build.0 = Release|Any CPU
		{74C6827F-A918-4D6F-B693-4361953017E4}.Ad-Hoc|Any CPU.Deploy.0 = Release|Any CPU
		{74C6827F-A918-4D6F-B693-4361953017E4}.Ad-Hoc|ARM.ActiveCfg = Release|Any CPU
		{74C6827F-A918-4D6F-B693-4361953017E4}.Ad-Hoc|ARM.Build.0 = Release|Any CPU
		{74C6827F-A918-4D6F-B693-4361953017E4}.Ad-Hoc|ARM.Deploy.0 = Release|Any CPU
		{74C6827F-A918-4D6F-B693-4361953017E4}.Ad-Hoc|iPhone.ActiveCfg = Release|Any CPU
		{74C6827F-A918-4D6F-B693-4361953017E4}.Ad-Hoc|iPhone.Build.0 = Release|Any CPU
		{74C6827F-A918-4D6F-B693-4361953017E4}.Ad-Hoc|iPhone.Deploy.0 = Release|Any CPU
		{74C6827F-A918-4D6F-B693-4361953017E4}.Ad-Hoc|iPhoneSimulator.ActiveCfg = Release|Any CPU
		{74C6827F-A918-4D6F-B693-4361953017E4}.Ad-Hoc|iPhoneSimulator.Build.0 = Release|Any CPU
		{74C6827F-A918-4D6F-B693-4361953017E4}.Ad-Hoc|iPhoneSimulator.Deploy.0 = Release|Any CPU
		{74C6827F-A918-4D6F-B693-4361953017E4}.Ad-Hoc|x64.ActiveCfg = Release|Any CPU
		{74C6827F-A918-4D6F-B693-4361953017E4}.Ad-Hoc|x64.Build.0 = Release|Any CPU
		{74C6827F-A918-4D6F-B693-4361953017E4}.Ad-Hoc|x64.Deploy.0 = Release|Any CPU
		{74C6827F-A918-4D6F-B693-4361953017E4}.Ad-Hoc|x86.ActiveCfg = Release|Any CPU
		{74C6827F-A918-4D6F-B693-4361953017E4}.Ad-Hoc|x86.Build.0 = Release|Any CPU
		{74C6827F-A918-4D6F-B693-4361953017E4}.Ad-Hoc|x86.Deploy.0 = Release|Any CPU
		{74C6827F-A918-4D6F-B693-4361953017E4}.AppStore|Any CPU.ActiveCfg = Release|Any CPU
		{74C6827F-A918-4D6F-B693-4361953017E4}.AppStore|Any CPU.Build.0 = Release|Any CPU
		{74C6827F-A918-4D6F-B693-4361953017E4}.AppStore|Any CPU.Deploy.0 = Release|Any CPU
		{74C6827F-A918-4D6F-B693-4361953017E4}.AppStore|ARM.ActiveCfg = Release|Any CPU
		{74C6827F-A918-4D6F-B693-4361953017E4}.AppStore|ARM.Build.0 = Release|Any CPU
		{74C6827F-A918-4D6F-B693-4361953017E4}.AppStore|ARM.Deploy.0 = Release|Any CPU
		{74C6827F-A918-4D6F-B693-4361953017E4}.AppStore|iPhone.ActiveCfg = Release|Any CPU
		{74C6827F-A918-4D6F-B693-4361953017E4}.AppStore|iPhone.Build.0 = Release|Any CPU
		{74C6827F-A918-4D6F-B693-4361953017E4}.AppStore|iPhone.Deploy.0 = Release|Any CPU
		{74C6827F-A918-4D6F-B693-4361953017E4}.AppStore|iPhoneSimulator.ActiveCfg = Release|Any CPU
		{74C6827F-A918-4D6F-B693-4361953017E4}.AppStore|iPhoneSimulator.Build.0 = Release|Any CPU
		{74C6827F-A918-4D6F-B693-4361953017E4}.AppStore|iPhoneSimulator.Deploy.0 = Release|Any CPU
		{74C6827F-A918-4D6F-B693-4361953017E4}.AppStore|x64.ActiveCfg = Release|Any CPU
		{74C6827F-A918-4D6F-B693-4361953017E4}.AppStore|x64.Build.0 = Release|Any CPU
		{74C6827F-A918-4D6F-B693-4361953017E4}.AppStore|x64.Deploy.0 = Release|Any CPU
		{74C6827F-A918-4D6F-B693-4361953017E4}.AppStore|x86.ActiveCfg = Release|Any CPU
		{74C6827F-A918-4D6F-B693-4361953017E4}.AppStore|x86.Build.0 = Release|Any CPU
		{74C6827F-A918-4D6F-B693-4361953017E4}.AppStore|x86.Deploy.0 = Release|Any CPU
		{74C6827F-A918-4D6F-B693-4361953017E4}.Debug|Any CPU.ActiveCfg = Debug|Any CPU
		{74C6827F-A918-4D6F-B693-4361953017E4}.Debug|Any CPU.Build.0 = Debug|Any CPU
		{74C6827F-A918-4D6F-B693-4361953017E4}.Debug|Any CPU.Deploy.0 = Debug|Any CPU
		{74C6827F-A918-4D6F-B693-4361953017E4}.Debug|ARM.ActiveCfg = Debug|Any CPU
		{74C6827F-A918-4D6F-B693-4361953017E4}.Debug|ARM.Build.0 = Debug|Any CPU
		{74C6827F-A918-4D6F-B693-4361953017E4}.Debug|ARM.Deploy.0 = Debug|Any CPU
		{74C6827F-A918-4D6F-B693-4361953017E4}.Debug|iPhone.ActiveCfg = Debug|Any CPU
		{74C6827F-A918-4D6F-B693-4361953017E4}.Debug|iPhone.Build.0 = Debug|Any CPU
		{74C6827F-A918-4D6F-B693-4361953017E4}.Debug|iPhone.Deploy.0 = Debug|Any CPU
		{74C6827F-A918-4D6F-B693-4361953017E4}.Debug|iPhoneSimulator.ActiveCfg = Debug|Any CPU
		{74C6827F-A918-4D6F-B693-4361953017E4}.Debug|iPhoneSimulator.Build.0 = Debug|Any CPU
		{74C6827F-A918-4D6F-B693-4361953017E4}.Debug|iPhoneSimulator.Deploy.0 = Debug|Any CPU
		{74C6827F-A918-4D6F-B693-4361953017E4}.Debug|x64.ActiveCfg = Debug|Any CPU
		{74C6827F-A918-4D6F-B693-4361953017E4}.Debug|x64.Build.0 = Debug|Any CPU
		{74C6827F-A918-4D6F-B693-4361953017E4}.Debug|x64.Deploy.0 = Debug|Any CPU
		{74C6827F-A918-4D6F-B693-4361953017E4}.Debug|x86.ActiveCfg = Debug|Any CPU
		{74C6827F-A918-4D6F-B693-4361953017E4}.Debug|x86.Build.0 = Debug|Any CPU
		{74C6827F-A918-4D6F-B693-4361953017E4}.Debug|x86.Deploy.0 = Debug|Any CPU
		{74C6827F-A918-4D6F-B693-4361953017E4}.Release|Any CPU.ActiveCfg = Release|Any CPU
		{74C6827F-A918-4D6F-B693-4361953017E4}.Release|Any CPU.Build.0 = Release|Any CPU
		{74C6827F-A918-4D6F-B693-4361953017E4}.Release|Any CPU.Deploy.0 = Release|Any CPU
		{74C6827F-A918-4D6F-B693-4361953017E4}.Release|ARM.ActiveCfg = Release|Any CPU
		{74C6827F-A918-4D6F-B693-4361953017E4}.Release|ARM.Build.0 = Release|Any CPU
		{74C6827F-A918-4D6F-B693-4361953017E4}.Release|ARM.Deploy.0 = Release|Any CPU
		{74C6827F-A918-4D6F-B693-4361953017E4}.Release|iPhone.ActiveCfg = Release|Any CPU
		{74C6827F-A918-4D6F-B693-4361953017E4}.Release|iPhone.Build.0 = Release|Any CPU
		{74C6827F-A918-4D6F-B693-4361953017E4}.Release|iPhone.Deploy.0 = Release|Any CPU
		{74C6827F-A918-4D6F-B693-4361953017E4}.Release|iPhoneSimulator.ActiveCfg = Release|Any CPU
		{74C6827F-A918-4D6F-B693-4361953017E4}.Release|iPhoneSimulator.Build.0 = Release|Any CPU
		{74C6827F-A918-4D6F-B693-4361953017E4}.Release|iPhoneSimulator.Deploy.0 = Release|Any CPU
		{74C6827F-A918-4D6F-B693-4361953017E4}.Release|x64.ActiveCfg = Release|Any CPU
		{74C6827F-A918-4D6F-B693-4361953017E4}.Release|x64.Build.0 = Release|Any CPU
		{74C6827F-A918-4D6F-B693-4361953017E4}.Release|x64.Deploy.0 = Release|Any CPU
		{74C6827F-A918-4D6F-B693-4361953017E4}.Release|x86.ActiveCfg = Release|Any CPU
		{74C6827F-A918-4D6F-B693-4361953017E4}.Release|x86.Build.0 = Release|Any CPU
		{74C6827F-A918-4D6F-B693-4361953017E4}.Release|x86.Deploy.0 = Release|Any CPU
		{DA29A19B-ECD7-4C0F-96BF-31BEFCBC6DBD}.Ad-Hoc|Any CPU.ActiveCfg = Release|Any CPU
		{DA29A19B-ECD7-4C0F-96BF-31BEFCBC6DBD}.Ad-Hoc|Any CPU.Build.0 = Release|Any CPU
		{DA29A19B-ECD7-4C0F-96BF-31BEFCBC6DBD}.Ad-Hoc|Any CPU.Deploy.0 = Release|Any CPU
		{DA29A19B-ECD7-4C0F-96BF-31BEFCBC6DBD}.Ad-Hoc|ARM.ActiveCfg = Release|Any CPU
		{DA29A19B-ECD7-4C0F-96BF-31BEFCBC6DBD}.Ad-Hoc|ARM.Build.0 = Release|Any CPU
		{DA29A19B-ECD7-4C0F-96BF-31BEFCBC6DBD}.Ad-Hoc|ARM.Deploy.0 = Release|Any CPU
		{DA29A19B-ECD7-4C0F-96BF-31BEFCBC6DBD}.Ad-Hoc|iPhone.ActiveCfg = Release|Any CPU
		{DA29A19B-ECD7-4C0F-96BF-31BEFCBC6DBD}.Ad-Hoc|iPhone.Build.0 = Release|Any CPU
		{DA29A19B-ECD7-4C0F-96BF-31BEFCBC6DBD}.Ad-Hoc|iPhone.Deploy.0 = Release|Any CPU
		{DA29A19B-ECD7-4C0F-96BF-31BEFCBC6DBD}.Ad-Hoc|iPhoneSimulator.ActiveCfg = Release|Any CPU
		{DA29A19B-ECD7-4C0F-96BF-31BEFCBC6DBD}.Ad-Hoc|iPhoneSimulator.Build.0 = Release|Any CPU
		{DA29A19B-ECD7-4C0F-96BF-31BEFCBC6DBD}.Ad-Hoc|iPhoneSimulator.Deploy.0 = Release|Any CPU
		{DA29A19B-ECD7-4C0F-96BF-31BEFCBC6DBD}.Ad-Hoc|x64.ActiveCfg = Release|Any CPU
		{DA29A19B-ECD7-4C0F-96BF-31BEFCBC6DBD}.Ad-Hoc|x64.Build.0 = Release|Any CPU
		{DA29A19B-ECD7-4C0F-96BF-31BEFCBC6DBD}.Ad-Hoc|x64.Deploy.0 = Release|Any CPU
		{DA29A19B-ECD7-4C0F-96BF-31BEFCBC6DBD}.Ad-Hoc|x86.ActiveCfg = Release|Any CPU
		{DA29A19B-ECD7-4C0F-96BF-31BEFCBC6DBD}.Ad-Hoc|x86.Build.0 = Release|Any CPU
		{DA29A19B-ECD7-4C0F-96BF-31BEFCBC6DBD}.Ad-Hoc|x86.Deploy.0 = Release|Any CPU
		{DA29A19B-ECD7-4C0F-96BF-31BEFCBC6DBD}.AppStore|Any CPU.ActiveCfg = Release|Any CPU
		{DA29A19B-ECD7-4C0F-96BF-31BEFCBC6DBD}.AppStore|Any CPU.Build.0 = Release|Any CPU
		{DA29A19B-ECD7-4C0F-96BF-31BEFCBC6DBD}.AppStore|Any CPU.Deploy.0 = Release|Any CPU
		{DA29A19B-ECD7-4C0F-96BF-31BEFCBC6DBD}.AppStore|ARM.ActiveCfg = Release|Any CPU
		{DA29A19B-ECD7-4C0F-96BF-31BEFCBC6DBD}.AppStore|ARM.Build.0 = Release|Any CPU
		{DA29A19B-ECD7-4C0F-96BF-31BEFCBC6DBD}.AppStore|ARM.Deploy.0 = Release|Any CPU
		{DA29A19B-ECD7-4C0F-96BF-31BEFCBC6DBD}.AppStore|iPhone.ActiveCfg = Release|Any CPU
		{DA29A19B-ECD7-4C0F-96BF-31BEFCBC6DBD}.AppStore|iPhone.Build.0 = Release|Any CPU
		{DA29A19B-ECD7-4C0F-96BF-31BEFCBC6DBD}.AppStore|iPhone.Deploy.0 = Release|Any CPU
		{DA29A19B-ECD7-4C0F-96BF-31BEFCBC6DBD}.AppStore|iPhoneSimulator.ActiveCfg = Release|Any CPU
		{DA29A19B-ECD7-4C0F-96BF-31BEFCBC6DBD}.AppStore|iPhoneSimulator.Build.0 = Release|Any CPU
		{DA29A19B-ECD7-4C0F-96BF-31BEFCBC6DBD}.AppStore|iPhoneSimulator.Deploy.0 = Release|Any CPU
		{DA29A19B-ECD7-4C0F-96BF-31BEFCBC6DBD}.AppStore|x64.ActiveCfg = Release|Any CPU
		{DA29A19B-ECD7-4C0F-96BF-31BEFCBC6DBD}.AppStore|x64.Build.0 = Release|Any CPU
		{DA29A19B-ECD7-4C0F-96BF-31BEFCBC6DBD}.AppStore|x64.Deploy.0 = Release|Any CPU
		{DA29A19B-ECD7-4C0F-96BF-31BEFCBC6DBD}.AppStore|x86.ActiveCfg = Release|Any CPU
		{DA29A19B-ECD7-4C0F-96BF-31BEFCBC6DBD}.AppStore|x86.Build.0 = Release|Any CPU
		{DA29A19B-ECD7-4C0F-96BF-31BEFCBC6DBD}.AppStore|x86.Deploy.0 = Release|Any CPU
		{DA29A19B-ECD7-4C0F-96BF-31BEFCBC6DBD}.Debug|Any CPU.ActiveCfg = Debug|Any CPU
		{DA29A19B-ECD7-4C0F-96BF-31BEFCBC6DBD}.Debug|Any CPU.Build.0 = Debug|Any CPU
		{DA29A19B-ECD7-4C0F-96BF-31BEFCBC6DBD}.Debug|Any CPU.Deploy.0 = Debug|Any CPU
		{DA29A19B-ECD7-4C0F-96BF-31BEFCBC6DBD}.Debug|ARM.ActiveCfg = Debug|Any CPU
		{DA29A19B-ECD7-4C0F-96BF-31BEFCBC6DBD}.Debug|ARM.Build.0 = Debug|Any CPU
		{DA29A19B-ECD7-4C0F-96BF-31BEFCBC6DBD}.Debug|ARM.Deploy.0 = Debug|Any CPU
		{DA29A19B-ECD7-4C0F-96BF-31BEFCBC6DBD}.Debug|iPhone.ActiveCfg = Debug|Any CPU
		{DA29A19B-ECD7-4C0F-96BF-31BEFCBC6DBD}.Debug|iPhone.Build.0 = Debug|Any CPU
		{DA29A19B-ECD7-4C0F-96BF-31BEFCBC6DBD}.Debug|iPhone.Deploy.0 = Debug|Any CPU
		{DA29A19B-ECD7-4C0F-96BF-31BEFCBC6DBD}.Debug|iPhoneSimulator.ActiveCfg = Debug|Any CPU
		{DA29A19B-ECD7-4C0F-96BF-31BEFCBC6DBD}.Debug|iPhoneSimulator.Build.0 = Debug|Any CPU
		{DA29A19B-ECD7-4C0F-96BF-31BEFCBC6DBD}.Debug|iPhoneSimulator.Deploy.0 = Debug|Any CPU
		{DA29A19B-ECD7-4C0F-96BF-31BEFCBC6DBD}.Debug|x64.ActiveCfg = Debug|Any CPU
		{DA29A19B-ECD7-4C0F-96BF-31BEFCBC6DBD}.Debug|x64.Build.0 = Debug|Any CPU
		{DA29A19B-ECD7-4C0F-96BF-31BEFCBC6DBD}.Debug|x64.Deploy.0 = Debug|Any CPU
		{DA29A19B-ECD7-4C0F-96BF-31BEFCBC6DBD}.Debug|x86.ActiveCfg = Debug|Any CPU
		{DA29A19B-ECD7-4C0F-96BF-31BEFCBC6DBD}.Debug|x86.Build.0 = Debug|Any CPU
		{DA29A19B-ECD7-4C0F-96BF-31BEFCBC6DBD}.Debug|x86.Deploy.0 = Debug|Any CPU
		{DA29A19B-ECD7-4C0F-96BF-31BEFCBC6DBD}.Release|Any CPU.ActiveCfg = Release|Any CPU
		{DA29A19B-ECD7-4C0F-96BF-31BEFCBC6DBD}.Release|Any CPU.Build.0 = Release|Any CPU
		{DA29A19B-ECD7-4C0F-96BF-31BEFCBC6DBD}.Release|Any CPU.Deploy.0 = Release|Any CPU
		{DA29A19B-ECD7-4C0F-96BF-31BEFCBC6DBD}.Release|ARM.ActiveCfg = Release|Any CPU
		{DA29A19B-ECD7-4C0F-96BF-31BEFCBC6DBD}.Release|ARM.Build.0 = Release|Any CPU
		{DA29A19B-ECD7-4C0F-96BF-31BEFCBC6DBD}.Release|ARM.Deploy.0 = Release|Any CPU
		{DA29A19B-ECD7-4C0F-96BF-31BEFCBC6DBD}.Release|iPhone.ActiveCfg = Release|Any CPU
		{DA29A19B-ECD7-4C0F-96BF-31BEFCBC6DBD}.Release|iPhone.Build.0 = Release|Any CPU
		{DA29A19B-ECD7-4C0F-96BF-31BEFCBC6DBD}.Release|iPhone.Deploy.0 = Release|Any CPU
		{DA29A19B-ECD7-4C0F-96BF-31BEFCBC6DBD}.Release|iPhoneSimulator.ActiveCfg = Release|Any CPU
		{DA29A19B-ECD7-4C0F-96BF-31BEFCBC6DBD}.Release|iPhoneSimulator.Build.0 = Release|Any CPU
		{DA29A19B-ECD7-4C0F-96BF-31BEFCBC6DBD}.Release|iPhoneSimulator.Deploy.0 = Release|Any CPU
		{DA29A19B-ECD7-4C0F-96BF-31BEFCBC6DBD}.Release|x64.ActiveCfg = Release|Any CPU
		{DA29A19B-ECD7-4C0F-96BF-31BEFCBC6DBD}.Release|x64.Build.0 = Release|Any CPU
		{DA29A19B-ECD7-4C0F-96BF-31BEFCBC6DBD}.Release|x64.Deploy.0 = Release|Any CPU
		{DA29A19B-ECD7-4C0F-96BF-31BEFCBC6DBD}.Release|x86.ActiveCfg = Release|Any CPU
		{DA29A19B-ECD7-4C0F-96BF-31BEFCBC6DBD}.Release|x86.Build.0 = Release|Any CPU
		{DA29A19B-ECD7-4C0F-96BF-31BEFCBC6DBD}.Release|x86.Deploy.0 = Release|Any CPU
		{B6E65071-C619-4943-AA73-5B25F0FACD22}.Ad-Hoc|Any CPU.ActiveCfg = Ad-Hoc|iPhone
		{B6E65071-C619-4943-AA73-5B25F0FACD22}.Ad-Hoc|Any CPU.Build.0 = Ad-Hoc|iPhone
		{B6E65071-C619-4943-AA73-5B25F0FACD22}.Ad-Hoc|Any CPU.Deploy.0 = Ad-Hoc|iPhone
		{B6E65071-C619-4943-AA73-5B25F0FACD22}.Ad-Hoc|ARM.ActiveCfg = Ad-Hoc|iPhone
		{B6E65071-C619-4943-AA73-5B25F0FACD22}.Ad-Hoc|ARM.Build.0 = Ad-Hoc|iPhone
		{B6E65071-C619-4943-AA73-5B25F0FACD22}.Ad-Hoc|ARM.Deploy.0 = Ad-Hoc|iPhone
		{B6E65071-C619-4943-AA73-5B25F0FACD22}.Ad-Hoc|iPhone.ActiveCfg = Ad-Hoc|iPhone
		{B6E65071-C619-4943-AA73-5B25F0FACD22}.Ad-Hoc|iPhone.Build.0 = Ad-Hoc|iPhone
		{B6E65071-C619-4943-AA73-5B25F0FACD22}.Ad-Hoc|iPhone.Deploy.0 = Ad-Hoc|iPhone
		{B6E65071-C619-4943-AA73-5B25F0FACD22}.Ad-Hoc|iPhoneSimulator.ActiveCfg = Ad-Hoc|iPhoneSimulator
		{B6E65071-C619-4943-AA73-5B25F0FACD22}.Ad-Hoc|iPhoneSimulator.Build.0 = Ad-Hoc|iPhoneSimulator
		{B6E65071-C619-4943-AA73-5B25F0FACD22}.Ad-Hoc|iPhoneSimulator.Deploy.0 = Ad-Hoc|iPhoneSimulator
		{B6E65071-C619-4943-AA73-5B25F0FACD22}.Ad-Hoc|x64.ActiveCfg = Ad-Hoc|iPhone
		{B6E65071-C619-4943-AA73-5B25F0FACD22}.Ad-Hoc|x64.Build.0 = Ad-Hoc|iPhone
		{B6E65071-C619-4943-AA73-5B25F0FACD22}.Ad-Hoc|x64.Deploy.0 = Ad-Hoc|iPhone
		{B6E65071-C619-4943-AA73-5B25F0FACD22}.Ad-Hoc|x86.ActiveCfg = Ad-Hoc|iPhone
		{B6E65071-C619-4943-AA73-5B25F0FACD22}.Ad-Hoc|x86.Build.0 = Ad-Hoc|iPhone
		{B6E65071-C619-4943-AA73-5B25F0FACD22}.Ad-Hoc|x86.Deploy.0 = Ad-Hoc|iPhone
		{B6E65071-C619-4943-AA73-5B25F0FACD22}.AppStore|Any CPU.ActiveCfg = AppStore|iPhone
		{B6E65071-C619-4943-AA73-5B25F0FACD22}.AppStore|Any CPU.Build.0 = AppStore|iPhone
		{B6E65071-C619-4943-AA73-5B25F0FACD22}.AppStore|Any CPU.Deploy.0 = AppStore|iPhone
		{B6E65071-C619-4943-AA73-5B25F0FACD22}.AppStore|ARM.ActiveCfg = AppStore|iPhone
		{B6E65071-C619-4943-AA73-5B25F0FACD22}.AppStore|ARM.Build.0 = AppStore|iPhone
		{B6E65071-C619-4943-AA73-5B25F0FACD22}.AppStore|ARM.Deploy.0 = AppStore|iPhone
		{B6E65071-C619-4943-AA73-5B25F0FACD22}.AppStore|iPhone.ActiveCfg = AppStore|iPhone
		{B6E65071-C619-4943-AA73-5B25F0FACD22}.AppStore|iPhone.Build.0 = AppStore|iPhone
		{B6E65071-C619-4943-AA73-5B25F0FACD22}.AppStore|iPhone.Deploy.0 = AppStore|iPhone
		{B6E65071-C619-4943-AA73-5B25F0FACD22}.AppStore|iPhoneSimulator.ActiveCfg = AppStore|iPhoneSimulator
		{B6E65071-C619-4943-AA73-5B25F0FACD22}.AppStore|iPhoneSimulator.Build.0 = AppStore|iPhoneSimulator
		{B6E65071-C619-4943-AA73-5B25F0FACD22}.AppStore|iPhoneSimulator.Deploy.0 = AppStore|iPhoneSimulator
		{B6E65071-C619-4943-AA73-5B25F0FACD22}.AppStore|x64.ActiveCfg = AppStore|iPhone
		{B6E65071-C619-4943-AA73-5B25F0FACD22}.AppStore|x64.Build.0 = AppStore|iPhone
		{B6E65071-C619-4943-AA73-5B25F0FACD22}.AppStore|x64.Deploy.0 = AppStore|iPhone
		{B6E65071-C619-4943-AA73-5B25F0FACD22}.AppStore|x86.ActiveCfg = AppStore|iPhone
		{B6E65071-C619-4943-AA73-5B25F0FACD22}.AppStore|x86.Build.0 = AppStore|iPhone
		{B6E65071-C619-4943-AA73-5B25F0FACD22}.AppStore|x86.Deploy.0 = AppStore|iPhone
		{B6E65071-C619-4943-AA73-5B25F0FACD22}.Debug|Any CPU.ActiveCfg = Debug|iPhoneSimulator
		{B6E65071-C619-4943-AA73-5B25F0FACD22}.Debug|Any CPU.Build.0 = Debug|iPhoneSimulator
		{B6E65071-C619-4943-AA73-5B25F0FACD22}.Debug|Any CPU.Deploy.0 = Debug|iPhoneSimulator
		{B6E65071-C619-4943-AA73-5B25F0FACD22}.Debug|ARM.ActiveCfg = Debug|iPhone
		{B6E65071-C619-4943-AA73-5B25F0FACD22}.Debug|ARM.Build.0 = Debug|iPhone
		{B6E65071-C619-4943-AA73-5B25F0FACD22}.Debug|ARM.Deploy.0 = Debug|iPhone
		{B6E65071-C619-4943-AA73-5B25F0FACD22}.Debug|iPhone.ActiveCfg = Debug|iPhone
		{B6E65071-C619-4943-AA73-5B25F0FACD22}.Debug|iPhone.Build.0 = Debug|iPhone
		{B6E65071-C619-4943-AA73-5B25F0FACD22}.Debug|iPhone.Deploy.0 = Debug|iPhone
		{B6E65071-C619-4943-AA73-5B25F0FACD22}.Debug|iPhoneSimulator.ActiveCfg = Debug|iPhoneSimulator
		{B6E65071-C619-4943-AA73-5B25F0FACD22}.Debug|iPhoneSimulator.Build.0 = Debug|iPhoneSimulator
		{B6E65071-C619-4943-AA73-5B25F0FACD22}.Debug|iPhoneSimulator.Deploy.0 = Debug|iPhoneSimulator
		{B6E65071-C619-4943-AA73-5B25F0FACD22}.Debug|x64.ActiveCfg = Debug|iPhone
		{B6E65071-C619-4943-AA73-5B25F0FACD22}.Debug|x64.Build.0 = Debug|iPhone
		{B6E65071-C619-4943-AA73-5B25F0FACD22}.Debug|x64.Deploy.0 = Debug|iPhone
		{B6E65071-C619-4943-AA73-5B25F0FACD22}.Debug|x86.ActiveCfg = Debug|iPhone
		{B6E65071-C619-4943-AA73-5B25F0FACD22}.Debug|x86.Build.0 = Debug|iPhone
		{B6E65071-C619-4943-AA73-5B25F0FACD22}.Debug|x86.Deploy.0 = Debug|iPhone
		{B6E65071-C619-4943-AA73-5B25F0FACD22}.Release|Any CPU.ActiveCfg = Release|iPhone
		{B6E65071-C619-4943-AA73-5B25F0FACD22}.Release|Any CPU.Build.0 = Release|iPhone
		{B6E65071-C619-4943-AA73-5B25F0FACD22}.Release|Any CPU.Deploy.0 = Release|iPhone
		{B6E65071-C619-4943-AA73-5B25F0FACD22}.Release|ARM.ActiveCfg = Release|iPhone
		{B6E65071-C619-4943-AA73-5B25F0FACD22}.Release|ARM.Build.0 = Release|iPhone
		{B6E65071-C619-4943-AA73-5B25F0FACD22}.Release|ARM.Deploy.0 = Release|iPhone
		{B6E65071-C619-4943-AA73-5B25F0FACD22}.Release|iPhone.ActiveCfg = Release|iPhone
		{B6E65071-C619-4943-AA73-5B25F0FACD22}.Release|iPhone.Build.0 = Release|iPhone
		{B6E65071-C619-4943-AA73-5B25F0FACD22}.Release|iPhone.Deploy.0 = Release|iPhone
		{B6E65071-C619-4943-AA73-5B25F0FACD22}.Release|iPhoneSimulator.ActiveCfg = Release|iPhoneSimulator
		{B6E65071-C619-4943-AA73-5B25F0FACD22}.Release|iPhoneSimulator.Build.0 = Release|iPhoneSimulator
		{B6E65071-C619-4943-AA73-5B25F0FACD22}.Release|iPhoneSimulator.Deploy.0 = Release|iPhoneSimulator
		{B6E65071-C619-4943-AA73-5B25F0FACD22}.Release|x64.ActiveCfg = Release|iPhone
		{B6E65071-C619-4943-AA73-5B25F0FACD22}.Release|x64.Build.0 = Release|iPhone
		{B6E65071-C619-4943-AA73-5B25F0FACD22}.Release|x64.Deploy.0 = Release|iPhone
		{B6E65071-C619-4943-AA73-5B25F0FACD22}.Release|x86.ActiveCfg = Release|iPhone
		{B6E65071-C619-4943-AA73-5B25F0FACD22}.Release|x86.Build.0 = Release|iPhone
		{B6E65071-C619-4943-AA73-5B25F0FACD22}.Release|x86.Deploy.0 = Release|iPhone
	EndGlobalSection
	GlobalSection(SolutionProperties) = preSolution
		HideSolutionNode = FALSE
	EndGlobalSection
	GlobalSection(ExtensibilityGlobals) = postSolution
		SolutionGuid = {AE050EC8-772A-4265-B2C4-5A1184670A19}
	EndGlobalSection
EndGlobal
